
Microsoft Visual Studio Solution File, Format Version 12.00
# Visual Studio 14
VisualStudioVersion = 14.0.25420.1
MinimumVisualStudioVersion = 10.0.40219.1
Project("{FAE04EC0-301F-11D3-BF4B-00C04F79EFBC}") = "RevitAddin_EC5_beam_bending", "RevitAddin_EC5_beam_bending\RevitAddin_EC5_beam_bending.csproj", "{F65B2421-0082-48BC-9022-9E50E3A3D9A9}"
EndProject
Global
	GlobalSection(SolutionConfigurationPlatforms) = preSolution
		Debug|Any CPU = Debug|Any CPU
		Debug|x64 = Debug|x64
		Release|Any CPU = Release|Any CPU
		Release|x64 = Release|x64
	EndGlobalSection
	GlobalSection(ProjectConfigurationPlatforms) = postSolution
		{F65B2421-0082-48BC-9022-9E50E3A3D9A9}.Debug|Any CPU.ActiveCfg = Debug|Any CPU
		{F65B2421-0082-48BC-9022-9E50E3A3D9A9}.Debug|Any CPU.Build.0 = Debug|Any CPU
		{F65B2421-0082-48BC-9022-9E50E3A3D9A9}.Debug|x64.ActiveCfg = Debug|x64
		{F65B2421-0082-48BC-9022-9E50E3A3D9A9}.Debug|x64.Build.0 = Debug|x64
		{F65B2421-0082-48BC-9022-9E50E3A3D9A9}.Release|Any CPU.ActiveCfg = Release|Any CPU
		{F65B2421-0082-48BC-9022-9E50E3A3D9A9}.Release|Any CPU.Build.0 = Release|Any CPU
		{F65B2421-0082-48BC-9022-9E50E3A3D9A9}.Release|x64.ActiveCfg = Release|x64
		{F65B2421-0082-48BC-9022-9E50E3A3D9A9}.Release|x64.Build.0 = Release|x64
	EndGlobalSection
	GlobalSection(SolutionProperties) = preSolution
		HideSolutionNode = FALSE
	EndGlobalSection
EndGlobal
